# This file is generated by running "yarn install" inside your project.
# Manual changes might be lost - proceed with caution!

__metadata:
  version: 5
  cacheKey: 8

"bunnies-are-really-great-qc@ssh://git@github.com:qcn-test-organization/bunnies-are-really-great-qc.git":
  version: 1.0.0
  resolution: "bunnies-are-really-great-qc@ssh://git@github.com:qcn-test-organization/bunnies-are-really-great-qc.git#commit=78f2741efd3ecc2157ee110e9c94b781485e79bb"
  checksum: a5cf9d3afcc5951190fb7b0f8646e09ccd5991455f2ee1c2966a9b6b2485bbab56242a7cc4c09ab278af3239e7ae59149a64413db79f7171e7a77833c749c726
  languageName: node
  linkType: hard

"moment@npm:2.29.3":
  version: 2.29.3
  resolution: "moment@npm:2.29.3"
  checksum: 2e780e36d9a1823c08a1b6313cbb08bd01ecbb2a9062095820a34f42c878991ccba53abaa6abb103fd5c01e763724f295162a8c50b7e95b4f1c992ef0772d3f0
  languageName: node
  linkType: hard

"root-workspace-0b6124@workspace:.":
  version: 0.0.0-use.local
  resolution: "root-workspace-0b6124@workspace:."
  dependencies:
    bunnies-are-really-great-qc: "ssh://git@github.com:qcn-test-organization/bunnies-are-really-great-qc.git"
    moment: 2.29.3
  languageName: unknown
  linkType: soft
