# This file is generated by running "yarn install" inside your project.
# Manual changes might be lost - proceed with caution!

__metadata:
  version: 5
  cacheKey: 8

"bunnies-are-really-great-qc@ssh://git@github.com:qcn-test-organization/bunnies-are-really-great-qc.git":
  version: 1.0.0
  resolution: "bunnies-are-really-great-qc@ssh://git@github.com:qcn-test-organization/bunnies-are-really-great-qc.git#commit=78f2741efd3ecc2157ee110e9c94b781485e79bb"
  checksum: a5cf9d3afcc5951190fb7b0f8646e09ccd5991455f2ee1c2966a9b6b2485bbab56242a7cc4c09ab278af3239e7ae59149a64413db79f7171e7a77833c749c726
  languageName: node
  linkType: hard

"moment@npm:^2.31.0":
  version: 2.31.0
  resolution: "moment@npm:2.31.0"
  checksum: e29cff3850438c66228cc43373ea8b6c480c7c3cfaf17ef9327653811d194734e7e2c1108b5cf2527ab0b2ba8907cbcb4f5dc3e764c044d5766eb7c4582759eb
  languageName: node
  linkType: hard

"root-workspace-0b6124@workspace:.":
  version: 0.0.0-use.local
  resolution: "root-workspace-0b6124@workspace:."
  dependencies:
    bunnies-are-really-great-qc: "ssh://git@github.com:qcn-test-organization/bunnies-are-really-great-qc.git"
    moment: ^2.31.0
  languageName: unknown
  linkType: soft
